// !$*UTF8*$!
{
	archiveVersion = 1;
	classes = {
	};
	objectVersion = 55;
	objects = {

/* Begin PBXBuildFile section */
		122E52A12F793DC135B15550 /* Pods_Compositional_Layout_and_Combine.framework in Frameworks */ = {isa = PBXBuildFile; fileRef = 3C108A5E9EB63DBAA4613B51 /* Pods_Compositional_Layout_and_Combine.framework */; };
		605399C1283128F7007444C9 /* APIClient.swift in Sources */ = {isa = PBXBuildFile; fileRef = 605399C0283128F7007444C9 /* APIClient.swift */; };
		605399C328312944007444C9 /* Config.swift in Sources */ = {isa = PBXBuildFile; fileRef = 605399C228312944007444C9 /* Config.swift */; };
		605399C52831407B007444C9 /* Photo.swift in Sources */ = {isa = PBXBuildFile; fileRef = 605399C42831407B007444C9 /* Photo.swift */; };
		6086A09C2831023700626F8F /* AppDelegate.swift in Sources */ = {isa = PBXBuildFile; fileRef = 6086A09B2831023700626F8F /* AppDelegate.swift */; };
		6086A09E2831023700626F8F /* SceneDelegate.swift in Sources */ = {isa = PBXBuildFile; fileRef = 6086A09D2831023700626F8F /* SceneDelegate.swift */; };
		6086A0A02831023700626F8F /* PhotoSearchController.swift in Sources */ = {isa = PBXBuildFile; fileRef = 6086A09F2831023700626F8F /* PhotoSearchController.swift */; };
		6086A0A52831023900626F8F /* Assets.xcassets in Resources */ = {isa = PBXBuildFile; fileRef = 6086A0A42831023900626F8F /* Assets.xcassets */; };
		6086A0A82831023900626F8F /* LaunchScreen.storyboard in Resources */ = {isa = PBXBuildFile; fileRef = 6086A0A62831023900626F8F /* LaunchScreen.storyboard */; };
		6086A0B028310E8100626F8F /* ImageCell.swift in Sources */ = {isa = PBXBuildFile; fileRef = 6086A0AF28310E8100626F8F /* ImageCell.swift */; };
/* End PBXBuildFile section */

/* Begin PBXFileReference section */
		054B0E16FCFF7A7620DA4C04 /* Pods-Compositional Layout and Combine.debug.xcconfig */ = {isa = PBXFileReference; includeInIndex = 1; lastKnownFileType = text.xcconfig; name = "Pods-Compositional Layout and Combine.debug.xcconfig"; path = "Target Support Files/Pods-Compositional Layout and Combine/Pods-Compositional Layout and Combine.debug.xcconfig"; sourceTree = "<group>"; };
		3C108A5E9EB63DBAA4613B51 /* Pods_Compositional_Layout_and_Combine.framework */ = {isa = PBXFileReference; explicitFileType = wrapper.framework; includeInIndex = 0; path = Pods_Compositional_Layout_and_Combine.framework; sourceTree = BUILT_PRODUCTS_DIR; };
		605399C0283128F7007444C9 /* APIClient.swift */ = {isa = PBXFileReference; lastKnownFileType = sourcecode.swift; path = APIClient.swift; sourceTree = "<group>"; };
		605399C228312944007444C9 /* Config.swift */ = {isa = PBXFileReference; lastKnownFileType = sourcecode.swift; path = Config.swift; sourceTree = "<group>"; };
		605399C42831407B007444C9 /* Photo.swift */ = {isa = PBXFileReference; lastKnownFileType = sourcecode.swift; path = Photo.swift; sourceTree = "<group>"; };
		6086A0982831023700626F8F /* Compositional Layout and Combine.app */ = {isa = PBXFileReference; explicitFileType = wrapper.application; includeInIndex = 0; path = "Compositional Layout and Combine.app"; sourceTree = BUILT_PRODUCTS_DIR; };
		6086A09B2831023700626F8F /* AppDelegate.swift */ = {isa = PBXFileReference; lastKnownFileType = sourcecode.swift; path = AppDelegate.swift; sourceTree = "<group>"; };
		6086A09D2831023700626F8F /* SceneDelegate.swift */ = {isa = PBXFileReference; lastKnownFileType = sourcecode.swift; path = SceneDelegate.swift; sourceTree = "<group>"; };
		6086A09F2831023700626F8F /* PhotoSearchController.swift */ = {isa = PBXFileReference; lastKnownFileType = sourcecode.swift; path = PhotoSearchController.swift; sourceTree = "<group>"; };
		6086A0A42831023900626F8F /* Assets.xcassets */ = {isa = PBXFileReference; lastKnownFileType = folder.assetcatalog; path = Assets.xcassets; sourceTree = "<group>"; };
		6086A0A72831023900626F8F /* Base */ = {isa = PBXFileReference; lastKnownFileType = file.storyboard; name = Base; path = Base.lproj/LaunchScreen.storyboard; sourceTree = "<group>"; };
		6086A0A92831023900626F8F /* Info.plist */ = {isa = PBXFileReference; lastKnownFileType = text.plist.xml; path = Info.plist; sourceTree = "<group>"; };
		6086A0AF28310E8100626F8F /* ImageCell.swift */ = {isa = PBXFileReference; lastKnownFileType = sourcecode.swift; path = ImageCell.swift; sourceTree = "<group>"; };
		D91B4478E72539FA2FD7F2C0 /* Pods-Compositional Layout and Combine.release.xcconfig */ = {isa = PBXFileReference; includeInIndex = 1; lastKnownFileType = text.xcconfig; name = "Pods-Compositional Layout and Combine.release.xcconfig"; path = "Target Support Files/Pods-Compositional Layout and Combine/Pods-Compositional Layout and Combine.release.xcconfig"; sourceTree = "<group>"; };
/* End PBXFileReference section */

/* Begin PBXFrameworksBuildPhase section */
		6086A0952831023700626F8F /* Frameworks */ = {
			isa = PBXFrameworksBuildPhase;
			buildActionMask = 2147483647;
			files = (
				122E52A12F793DC135B15550 /* Pods_Compositional_Layout_and_Combine.framework in Frameworks */,
			);
			runOnlyForDeploymentPostprocessing = 0;
		};
/* End PBXFrameworksBuildPhase section */

/* Begin PBXGroup section */
		5D591067A4B53C4A9F355D3B /* Pods */ = {
			isa = PBXGroup;
			children = (
				054B0E16FCFF7A7620DA4C04 /* Pods-Compositional Layout and Combine.debug.xcconfig */,
				D91B4478E72539FA2FD7F2C0 /* Pods-Compositional Layout and Combine.release.xcconfig */,
			);
			path = Pods;
			sourceTree = "<group>";
		};
		6086A08F2831023700626F8F = {
			isa = PBXGroup;
			children = (
				6086A09A2831023700626F8F /* Compositional Layout and Combine */,
				6086A0992831023700626F8F /* Products */,
				5D591067A4B53C4A9F355D3B /* Pods */,
				F71406D29DF748E6689D8CDA /* Frameworks */,
			);
			sourceTree = "<group>";
		};
		6086A0992831023700626F8F /* Products */ = {
			isa = PBXGroup;
			children = (
				6086A0982831023700626F8F /* Compositional Layout and Combine.app */,
			);
			name = Products;
			sourceTree = "<group>";
		};
		6086A09A2831023700626F8F /* Compositional Layout and Combine */ = {
			isa = PBXGroup;
			children = (
				6086A09B2831023700626F8F /* AppDelegate.swift */,
				6086A09D2831023700626F8F /* SceneDelegate.swift */,
				6086A09F2831023700626F8F /* PhotoSearchController.swift */,
				605399C0283128F7007444C9 /* APIClient.swift */,
				605399C42831407B007444C9 /* Photo.swift */,
				605399C228312944007444C9 /* Config.swift */,
				6086A0AF28310E8100626F8F /* ImageCell.swift */,
				6086A0A42831023900626F8F /* Assets.xcassets */,
				6086A0A62831023900626F8F /* LaunchScreen.storyboard */,
				6086A0A92831023900626F8F /* Info.plist */,
			);
			path = "Compositional Layout and Combine";
			sourceTree = "<group>";
		};
		F71406D29DF748E6689D8CDA /* Frameworks */ = {
			isa = PBXGroup;
			children = (
				3C108A5E9EB63DBAA4613B51 /* Pods_Compositional_Layout_and_Combine.framework */,
			);
			name = Frameworks;
			sourceTree = "<group>";
		};
/* End PBXGroup section */

/* Begin PBXNativeTarget section */
		6086A0972831023700626F8F /* Compositional Layout and Combine */ = {
			isa = PBXNativeTarget;
			buildConfigurationList = 6086A0AC2831023900626F8F /* Build configuration list for PBXNativeTarget "Compositional Layout and Combine" */;
			buildPhases = (
				DF63BEAB513BB8417018836C /* [CP] Check Pods Manifest.lock */,
				6086A0942831023700626F8F /* Sources */,
				6086A0952831023700626F8F /* Frameworks */,
				6086A0962831023700626F8F /* Resources */,
				D4957B969FAC740362AF09D3 /* [CP] Embed Pods Frameworks */,
			);
			buildRules = (
			);
			dependencies = (
			);
			name = "Compositional Layout and Combine";
			productName = "Compositional Layout and Combine";
			productReference = 6086A0982831023700626F8F /* Compositional Layout and Combine.app */;
			productType = "com.apple.product-type.application";
		};
/* End PBXNativeTarget section */

/* Begin PBXProject section */
		6086A0902831023700626F8F /* Project object */ = {
			isa = PBXProject;
			attributes = {
				BuildIndependentTargetsInParallel = 1;
				LastSwiftUpdateCheck = 1330;
				LastUpgradeCheck = 1330;
				TargetAttributes = {
					6086A0972831023700626F8F = {
						CreatedOnToolsVersion = 13.3.1;
					};
				};
			};
			buildConfigurationList = 6086A0932831023700626F8F /* Build configuration list for PBXProject "Compositional Layout and Combine" */;
			compatibilityVersion = "Xcode 13.0";
			developmentRegion = en;
			hasScannedForEncodings = 0;
			knownRegions = (
				en,
				Base,
			);
			mainGroup = 6086A08F2831023700626F8F;
			productRefGroup = 6086A0992831023700626F8F /* Products */;
			projectDirPath = "";
			projectRoot = "";
			targets = (
				6086A0972831023700626F8F /* Compositional Layout and Combine */,
			);
		};
/* End PBXProject section */

/* Begin PBXResourcesBuildPhase section */
		6086A0962831023700626F8F /* Resources */ = {
			isa = PBXResourcesBuildPhase;
			buildActionMask = 2147483647;
			files = (
				6086A0A82831023900626F8F /* LaunchScreen.storyboard in Resources */,
				6086A0A52831023900626F8F /* Assets.xcassets in Resources */,
			);
			runOnlyForDeploymentPostprocessing = 0;
		};
/* End PBXResourcesBuildPhase section */

/* Begin PBXShellScriptBuildPhase section */
		D4957B969FAC740362AF09D3 /* [CP] Embed Pods Frameworks */ = {
			isa = PBXShellScriptBuildPhase;
			buildActionMask = 2147483647;
			files = (
			);
			inputFileListPaths = (
				"${PODS_ROOT}/Target Support Files/Pods-Compositional Layout and Combine/Pods-Compositional Layout and Combine-frameworks-${CONFIGURATION}-input-files.xcfilelist",
			);
			name = "[CP] Embed Pods Frameworks";
			outputFileListPaths = (
				"${PODS_ROOT}/Target Support Files/Pods-Compositional Layout and Combine/Pods-Compositional Layout and Combine-frameworks-${CONFIGURATION}-output-files.xcfilelist",
			);
			runOnlyForDeploymentPostprocessing = 0;
			shellPath = /bin/sh;
			shellScript = "\"${PODS_ROOT}/Target Support Files/Pods-Compositional Layout and Combine/Pods-Compositional Layout and Combine-frameworks.sh\"\n";
			showEnvVarsInLog = 0;
		};
		DF63BEAB513BB8417018836C /* [CP] Check Pods Manifest.lock */ = {
			isa = PBXShellScriptBuildPhase;
			buildActionMask = 2147483647;
			files = (
			);
			inputFileListPaths = (
			);
			inputPaths = (
				"${PODS_PODFILE_DIR_PATH}/Podfile.lock",
				"${PODS_ROOT}/Manifest.lock",
			);
			name = "[CP] Check Pods Manifest.lock";
			outputFileListPaths = (
			);
			outputPaths = (
				"$(DERIVED_FILE_DIR)/Pods-Compositional Layout and Combine-checkManifestLockResult.txt",
			);
			runOnlyForDeploymentPostprocessing = 0;
			shellPath = /bin/sh;
			shellScript = "diff \"${PODS_PODFILE_DIR_PATH}/Podfile.lock\" \"${PODS_ROOT}/Manifest.lock\" > /dev/null\nif [ $? != 0 ] ; then\n    # print error to STDERR\n    echo \"error: The sandbox is not in sync with the Podfile.lock. Run 'pod install' or update your CocoaPods installation.\" >&2\n    exit 1\nfi\n# This output is used by Xcode 'outputs' to avoid re-running this script phase.\necho \"SUCCESS\" > \"${SCRIPT_OUTPUT_FILE_0}\"\n";
			showEnvVarsInLog = 0;
		};
/* End PBXShellScriptBuildPhase section */

/* Begin PBXSourcesBuildPhase section */
		6086A0942831023700626F8F /* Sources */ = {
			isa = PBXSourcesBuildPhase;
			buildActionMask = 2147483647;
			files = (
				605399C52831407B007444C9 /* Photo.swift in Sources */,
				6086A0A02831023700626F8F /* PhotoSearchController.swift in Sources */,
				6086A0B028310E8100626F8F /* ImageCell.swift in Sources */,
				6086A09C2831023700626F8F /* AppDelegate.swift in Sources */,
				605399C1283128F7007444C9 /* APIClient.swift in Sources */,
				6086A09E2831023700626F8F /* SceneDelegate.swift in Sources */,
				605399C328312944007444C9 /* Config.swift in Sources */,
			);
			runOnlyForDeploymentPostprocessing = 0;
		};
/* End PBXSourcesBuildPhase section */

/* Begin PBXVariantGroup section */
		6086A0A62831023900626F8F /* LaunchScreen.storyboard */ = {
			isa = PBXVariantGroup;
			children = (
				6086A0A72831023900626F8F /* Base */,
			);
			name = LaunchScreen.storyboard;
			sourceTree = "<group>";
		};
/* End PBXVariantGroup section */

/* Begin XCBuildConfiguration section */
		6086A0AA2831023900626F8F /* Debug */ = {
			isa = XCBuildConfiguration;
			buildSettings = {
				ALWAYS_SEARCH_USER_PATHS = NO;
				CLANG_ANALYZER_NONNULL = YES;
				CLANG_ANALYZER_NUMBER_OBJECT_CONVERSION = YES_AGGRESSIVE;
				CLANG_CXX_LANGUAGE_STANDARD = "gnu++17";
				CLANG_ENABLE_MODULES = YES;
				CLANG_ENABLE_OBJC_ARC = YES;
				CLANG_ENABLE_OBJC_WEAK = YES;
				CLANG_WARN_BLOCK_CAPTURE_AUTORELEASING = YES;
				CLANG_WARN_BOOL_CONVERSION = YES;
				CLANG_WARN_COMMA = YES;
				CLANG_WARN_CONSTANT_CONVERSION = YES;
				CLANG_WARN_DEPRECATED_OBJC_IMPLEMENTATIONS = YES;
				CLANG_WARN_DIRECT_OBJC_ISA_USAGE = YES_ERROR;
				CLANG_WARN_DOCUMENTATION_COMMENTS = YES;
				CLANG_WARN_EMPTY_BODY = YES;
				CLANG_WARN_ENUM_CONVERSION = YES;
				CLANG_WARN_INFINITE_RECURSION = YES;
				CLANG_WARN_INT_CONVERSION = YES;
				CLANG_WARN_NON_LITERAL_NULL_CONVERSION = YES;
				CLANG_WARN_OBJC_IMPLICIT_RETAIN_SELF = YES;
				CLANG_WARN_OBJC_LITERAL_CONVERSION = YES;
				CLANG_WARN_OBJC_ROOT_CLASS = YES_ERROR;
				CLANG_WARN_QUOTED_INCLUDE_IN_FRAMEWORK_HEADER = YES;
				CLANG_WARN_RANGE_LOOP_ANALYSIS = YES;
				CLANG_WARN_STRICT_PROTOTYPES = YES;
				CLANG_WARN_SUSPICIOUS_MOVE = YES;
				CLANG_WARN_UNGUARDED_AVAILABILITY = YES_AGGRESSIVE;
				CLANG_WARN_UNREACHABLE_CODE = YES;
				CLANG_WARN__DUPLICATE_METHOD_MATCH = YES;
				COPY_PHASE_STRIP = NO;
				DEBUG_INFORMATION_FORMAT = dwarf;
				ENABLE_STRICT_OBJC_MSGSEND = YES;
				ENABLE_TESTABILITY = YES;
				GCC_C_LANGUAGE_STANDARD = gnu11;
				GCC_DYNAMIC_NO_PIC = NO;
				GCC_NO_COMMON_BLOCKS = YES;
				GCC_OPTIMIZATION_LEVEL = 0;
				GCC_PREPROCESSOR_DEFINITIONS = (
					"DEBUG=1",
					"$(inherited)",
				);
				GCC_WARN_64_TO_32_BIT_CONVERSION = YES;
				GCC_WARN_ABOUT_RETURN_TYPE = YES_ERROR;
				GCC_WARN_UNDECLARED_SELECTOR = YES;
				GCC_WARN_UNINITIALIZED_AUTOS = YES_AGGRESSIVE;
				GCC_WARN_UNUSED_FUNCTION = YES;
				GCC_WARN_UNUSED_VARIABLE = YES;
				IPHONEOS_DEPLOYMENT_TARGET = 15.4;
				MTL_ENABLE_DEBUG_INFO = INCLUDE_SOURCE;
				MTL_FAST_MATH = YES;
				ONLY_ACTIVE_ARCH = YES;
				SDKROOT = iphoneos;
				SWIFT_ACTIVE_COMPILATION_CONDITIONS = DEBUG;
				SWIFT_OPTIMIZATION_LEVEL = "-Onone";
			};
			name = Debug;
		};
		6086A0AB2831023900626F8F /* Release */ = {
			isa = XCBuildConfiguration;
			buildSettings = {
				ALWAYS_SEARCH_USER_PATHS = NO;
				CLANG_ANALYZER_NONNULL = YES;
				CLANG_ANALYZER_NUMBER_OBJECT_CONVERSION = YES_AGGRESSIVE;
				CLANG_CXX_LANGUAGE_STANDARD = "gnu++17";
				CLANG_ENABLE_MODULES = YES;
				CLANG_ENABLE_OBJC_ARC = YES;
				CLANG_ENABLE_OBJC_WEAK = YES;
				CLANG_WARN_BLOCK_CAPTURE_AUTORELEASING = YES;
				CLANG_WARN_BOOL_CONVERSION = YES;
				CLANG_WARN_COMMA = YES;
				CLANG_WARN_CONSTANT_CONVERSION = YES;
				CLANG_WARN_DEPRECATED_OBJC_IMPLEMENTATIONS = YES;
				CLANG_WARN_DIRECT_OBJC_ISA_USAGE = YES_ERROR;
				CLANG_WARN_DOCUMENTATION_COMMENTS = YES;
				CLANG_WARN_EMPTY_BODY = YES;
				CLANG_WARN_ENUM_CONVERSION = YES;
				CLANG_WARN_INFINITE_RECURSION = YES;
				CLANG_WARN_INT_CONVERSION = YES;
				CLANG_WARN_NON_LITERAL_NULL_CONVERSION = YES;
				CLANG_WARN_OBJC_IMPLICIT_RETAIN_SELF = YES;
				CLANG_WARN_OBJC_LITERAL_CONVERSION = YES;
				CLANG_WARN_OBJC_ROOT_CLASS = YES_ERROR;
				CLANG_WARN_QUOTED_INCLUDE_IN_FRAMEWORK_HEADER = YES;
				CLANG_WARN_RANGE_LOOP_ANALYSIS = YES;
				CLANG_WARN_STRICT_PROTOTYPES = YES;
				CLANG_WARN_SUSPICIOUS_MOVE = YES;
				CLANG_WARN_UNGUARDED_AVAILABILITY = YES_AGGRESSIVE;
				CLANG_WARN_UNREACHABLE_CODE = YES;
				CLANG_WARN__DUPLICATE_METHOD_MATCH = YES;
				COPY_PHASE_STRIP = NO;
				DEBUG_INFORMATION_FORMAT = "dwarf-with-dsym";
				ENABLE_NS_ASSERTIONS = NO;
				ENABLE_STRICT_OBJC_MSGSEND = YES;
				GCC_C_LANGUAGE_STANDARD = gnu11;
				GCC_NO_COMMON_BLOCKS = YES;
				GCC_WARN_64_TO_32_BIT_CONVERSION = YES;
				GCC_WARN_ABOUT_RETURN_TYPE = YES_ERROR;
				GCC_WARN_UNDECLARED_SELECTOR = YES;
				GCC_WARN_UNINITIALIZED_AUTOS = YES_AGGRESSIVE;
				GCC_WARN_UNUSED_FUNCTION = YES;
				GCC_WARN_UNUSED_VARIABLE = YES;
				IPHONEOS_DEPLOYMENT_TARGET = 15.4;
				MTL_ENABLE_DEBUG_INFO = NO;
				MTL_FAST_MATH = YES;
				SDKROOT = iphoneos;
				SWIFT_COMPILATION_MODE = wholemodule;
				SWIFT_OPTIMIZATION_LEVEL = "-O";
				VALIDATE_PRODUCT = YES;
			};
			name = Release;
		};
		6086A0AD2831023900626F8F /* Debug */ = {
			isa = XCBuildConfiguration;
			baseConfigurationReference = 054B0E16FCFF7A7620DA4C04 /* Pods-Compositional Layout and Combine.debug.xcconfig */;
			buildSettings = {
				ASSETCATALOG_COMPILER_APPICON_NAME = AppIcon;
				ASSETCATALOG_COMPILER_GLOBAL_ACCENT_COLOR_NAME = AccentColor;
				CODE_SIGN_STYLE = Automatic;
				CURRENT_PROJECT_VERSION = 1;
				DEVELOPMENT_TEAM = 52244XZHVN;
				GENERATE_INFOPLIST_FILE = YES;
				INFOPLIST_FILE = "Compositional Layout and Combine/Info.plist";
				INFOPLIST_KEY_UIApplicationSupportsIndirectInputEvents = YES;
				INFOPLIST_KEY_UILaunchStoryboardName = LaunchScreen;
				INFOPLIST_KEY_UISupportedInterfaceOrientations_iPad = "UIInterfaceOrientationPortrait UIInterfaceOrientationPortraitUpsideDown UIInterfaceOrientationLandscapeLeft UIInterfaceOrientationLandscapeRight";
				INFOPLIST_KEY_UISupportedInterfaceOrientations_iPhone = "UIInterfaceOrientationPortrait UIInterfaceOrientationLandscapeLeft UIInterfaceOrientationLandscapeRight";
				LD_RUNPATH_SEARCH_PATHS = (
					"$(inherited)",
					"@executable_path/Frameworks",
				);
				MARKETING_VERSION = 1.0;
				PRODUCT_BUNDLE_IDENTIFIER = "co.levchenko.Compositional-Layout-and-Combine";
				PRODUCT_NAME = "$(TARGET_NAME)";
				SWIFT_EMIT_LOC_STRINGS = YES;
				SWIFT_VERSION = 5.0;
				TARGETED_DEVICE_FAMILY = "1,2";
			};
			name = Debug;
		};
		6086A0AE2831023900626F8F /* Release */ = {
			isa = XCBuildConfiguration;
			baseConfigurationReference = D91B4478E72539FA2FD7F2C0 /* Pods-Compositional Layout and Combine.release.xcconfig */;
			buildSettings = {
				ASSETCATALOG_COMPILER_APPICON_NAME = AppIcon;
				ASSETCATALOG_COMPILER_GLOBAL_ACCENT_COLOR_NAME = AccentColor;
				CODE_SIGN_STYLE = Automatic;
				CURRENT_PROJECT_VERSION = 1;
				DEVELOPMENT_TEAM = 52244XZHVN;
				GENERATE_INFOPLIST_FILE = YES;
				INFOPLIST_FILE = "Compositional Layout and Combine/Info.plist";
				INFOPLIST_KEY_UIApplicationSupportsIndirectInputEvents = YES;
				INFOPLIST_KEY_UILaunchStoryboardName = LaunchScreen;
				INFOPLIST_KEY_UISupportedInterfaceOrientations_iPad = "UIInterfaceOrientationPortrait UIInterfaceOrientationPortraitUpsideDown UIInterfaceOrientationLandscapeLeft UIInterfaceOrientationLandscapeRight";
				INFOPLIST_KEY_UISupportedInterfaceOrientations_iPhone = "UIInterfaceOrientationPortrait UIInterfaceOrientationLandscapeLeft UIInterfaceOrientationLandscapeRight";
				LD_RUNPATH_SEARCH_PATHS = (
					"$(inherited)",
					"@executable_path/Frameworks",
				);
				MARKETING_VERSION = 1.0;
				PRODUCT_BUNDLE_IDENTIFIER = "co.levchenko.Compositional-Layout-and-Combine";
				PRODUCT_NAME = "$(TARGET_NAME)";
				SWIFT_EMIT_LOC_STRINGS = YES;
				SWIFT_VERSION = 5.0;
				TARGETED_DEVICE_FAMILY = "1,2";
			};
			name = Release;
		};
/* End XCBuildConfiguration section */

/* Begin XCConfigurationList section */
		6086A0932831023700626F8F /* Build configuration list for PBXProject "Compositional Layout and Combine" */ = {
			isa = XCConfigurationList;
			buildConfigurations = (
				6086A0AA2831023900626F8F /* Debug */,
				6086A0AB2831023900626F8F /* Release */,
			);
			defaultConfigurationIsVisible = 0;
			defaultConfigurationName = Release;
		};
		6086A0AC2831023900626F8F /* Build configuration list for PBXNativeTarget "Compositional Layout and Combine" */ = {
			isa = XCConfigurationList;
			buildConfigurations = (
				6086A0AD2831023900626F8F /* Debug */,
				6086A0AE2831023900626F8F /* Release */,
			);
			defaultConfigurationIsVisible = 0;
			defaultConfigurationName = Release;
		};
/* End XCConfigurationList section */
	};
	rootObject = 6086A0902831023700626F8F /* Project object */;
}
